// !$*UTF8*$!
{
	archiveVersion = 1;
	classes = {
	};
	objectVersion = 46;
	objects = {

/* Begin PBXBuildFile section */
		7D0BD62A1B995E6F006D5C72 /* main.swift in Sources */ = {isa = PBXBuildFile; fileRef = 7D0BD6291B995E6F006D5C72 /* main.swift */; };
		7D0BD6381B996131006D5C72 /* BaselineTests.swift in Sources */ = {isa = PBXBuildFile; fileRef = 7D0BD6371B996131006D5C72 /* BaselineTests.swift */; };
		7D0BD63F1B998521006D5C72 /* scanner.swift in Sources */ = {isa = PBXBuildFile; fileRef = 7D0BD63E1B998521006D5C72 /* scanner.swift */; settings = {ASSET_TAGS = (); }; };
		7D0BD6401B998521006D5C72 /* scanner.swift in Sources */ = {isa = PBXBuildFile; fileRef = 7D0BD63E1B998521006D5C72 /* scanner.swift */; settings = {ASSET_TAGS = (); }; };
		7D0BD6421B998993006D5C72 /* lexer.swift in Sources */ = {isa = PBXBuildFile; fileRef = 7D0BD6411B998993006D5C72 /* lexer.swift */; settings = {ASSET_TAGS = (); }; };
		7D0BD6431B998993006D5C72 /* lexer.swift in Sources */ = {isa = PBXBuildFile; fileRef = 7D0BD6411B998993006D5C72 /* lexer.swift */; settings = {ASSET_TAGS = (); }; };
/* End PBXBuildFile section */

/* Begin PBXCopyFilesBuildPhase section */
		7D0BD6241B995E6F006D5C72 /* CopyFiles */ = {
			isa = PBXCopyFilesBuildPhase;
			buildActionMask = 2147483647;
			dstPath = /usr/share/man/man1/;
			dstSubfolderSpec = 0;
			files = (
			);
			runOnlyForDeploymentPostprocessing = 1;
		};
/* End PBXCopyFilesBuildPhase section */

/* Begin PBXFileReference section */
		7D0BD6261B995E6F006D5C72 /* protc */ = {isa = PBXFileReference; explicitFileType = "compiled.mach-o.executable"; includeInIndex = 0; path = protc; sourceTree = BUILT_PRODUCTS_DIR; };
		7D0BD6291B995E6F006D5C72 /* main.swift */ = {isa = PBXFileReference; lastKnownFileType = sourcecode.swift; path = main.swift; sourceTree = "<group>"; };
		7D0BD6351B996131006D5C72 /* lexer_tests.xctest */ = {isa = PBXFileReference; explicitFileType = wrapper.cfbundle; includeInIndex = 0; path = lexer_tests.xctest; sourceTree = BUILT_PRODUCTS_DIR; };
		7D0BD6371B996131006D5C72 /* BaselineTests.swift */ = {isa = PBXFileReference; lastKnownFileType = sourcecode.swift; name = BaselineTests.swift; path = tests/lexer/BaselineTests.swift; sourceTree = SOURCE_ROOT; };
		7D0BD6391B996131006D5C72 /* Info.plist */ = {isa = PBXFileReference; lastKnownFileType = text.plist.xml; path = Info.plist; sourceTree = "<group>"; };
		7D0BD63E1B998521006D5C72 /* scanner.swift */ = {isa = PBXFileReference; fileEncoding = 4; lastKnownFileType = sourcecode.swift; path = scanner.swift; sourceTree = "<group>"; };
		7D0BD6411B998993006D5C72 /* lexer.swift */ = {isa = PBXFileReference; fileEncoding = 4; lastKnownFileType = sourcecode.swift; path = lexer.swift; sourceTree = "<group>"; };
/* End PBXFileReference section */

/* Begin PBXFrameworksBuildPhase section */
		7D0BD6231B995E6F006D5C72 /* Frameworks */ = {
			isa = PBXFrameworksBuildPhase;
			buildActionMask = 2147483647;
			files = (
			);
			runOnlyForDeploymentPostprocessing = 0;
		};
		7D0BD6321B996131006D5C72 /* Frameworks */ = {
			isa = PBXFrameworksBuildPhase;
			buildActionMask = 2147483647;
			files = (
			);
			runOnlyForDeploymentPostprocessing = 0;
		};
/* End PBXFrameworksBuildPhase section */

/* Begin PBXGroup section */
		7D0BD61D1B995E6F006D5C72 = {
			isa = PBXGroup;
			children = (
				7D0BD6281B995E6F006D5C72 /* src */,
				7D0BD6361B996131006D5C72 /* tests */,
				7D0BD6271B995E6F006D5C72 /* Products */,
			);
			sourceTree = "<group>";
		};
		7D0BD6271B995E6F006D5C72 /* Products */ = {
			isa = PBXGroup;
			children = (
				7D0BD6261B995E6F006D5C72 /* protc */,
				7D0BD6351B996131006D5C72 /* lexer_tests.xctest */,
			);
			name = Products;
			sourceTree = "<group>";
		};
		7D0BD6281B995E6F006D5C72 /* src */ = {
			isa = PBXGroup;
			children = (
				7D0BD6291B995E6F006D5C72 /* main.swift */,
				7D0BD63E1B998521006D5C72 /* scanner.swift */,
				7D0BD6411B998993006D5C72 /* lexer.swift */,
			);
			path = src;
			sourceTree = "<group>";
		};
		7D0BD6361B996131006D5C72 /* tests */ = {
			isa = PBXGroup;
			children = (
				7D0BD63D1B996395006D5C72 /* lexer */,
			);
			path = tests;
			sourceTree = "<group>";
		};
		7D0BD63D1B996395006D5C72 /* lexer */ = {
			isa = PBXGroup;
			children = (
				7D0BD6391B996131006D5C72 /* Info.plist */,
				7D0BD6371B996131006D5C72 /* BaselineTests.swift */,
			);
			path = lexer;
			sourceTree = "<group>";
		};
/* End PBXGroup section */

/* Begin PBXNativeTarget section */
		7D0BD6251B995E6F006D5C72 /* protc */ = {
			isa = PBXNativeTarget;
			buildConfigurationList = 7D0BD62D1B995E6F006D5C72 /* Build configuration list for PBXNativeTarget "protc" */;
			buildPhases = (
				7D0BD6221B995E6F006D5C72 /* Sources */,
				7D0BD6231B995E6F006D5C72 /* Frameworks */,
				7D0BD6241B995E6F006D5C72 /* CopyFiles */,
				7D0BD6301B995EBD006D5C72 /* Link Locally */,
			);
			buildRules = (
			);
			dependencies = (
			);
			name = protc;
			productName = Proteus;
			productReference = 7D0BD6261B995E6F006D5C72 /* protc */;
			productType = "com.apple.product-type.tool";
		};
		7D0BD6341B996131006D5C72 /* lexer_tests */ = {
			isa = PBXNativeTarget;
			buildConfigurationList = 7D0BD63A1B996131006D5C72 /* Build configuration list for PBXNativeTarget "lexer_tests" */;
			buildPhases = (
				7D0BD6311B996131006D5C72 /* Sources */,
				7D0BD6321B996131006D5C72 /* Frameworks */,
				7D0BD6331B996131006D5C72 /* Resources */,
			);
			buildRules = (
			);
			dependencies = (
			);
			name = lexer_tests;
			productName = lexer_tests;
			productReference = 7D0BD6351B996131006D5C72 /* lexer_tests.xctest */;
			productType = "com.apple.product-type.bundle.unit-test";
		};
/* End PBXNativeTarget section */

/* Begin PBXProject section */
		7D0BD61E1B995E6F006D5C72 /* Project object */ = {
			isa = PBXProject;
			attributes = {
				LastUpgradeCheck = 0700;
				ORGANIZATIONNAME = owensd.io;
				TargetAttributes = {
					7D0BD6251B995E6F006D5C72 = {
						CreatedOnToolsVersion = 7.0;
					};
					7D0BD6341B996131006D5C72 = {
						CreatedOnToolsVersion = 7.0;
					};
				};
			};
			buildConfigurationList = 7D0BD6211B995E6F006D5C72 /* Build configuration list for PBXProject "Proteus" */;
			compatibilityVersion = "Xcode 3.2";
			developmentRegion = English;
			hasScannedForEncodings = 0;
			knownRegions = (
				en,
			);
			mainGroup = 7D0BD61D1B995E6F006D5C72;
			productRefGroup = 7D0BD6271B995E6F006D5C72 /* Products */;
			projectDirPath = "";
			projectRoot = "";
			targets = (
				7D0BD6251B995E6F006D5C72 /* protc */,
				7D0BD6341B996131006D5C72 /* lexer_tests */,
			);
		};
/* End PBXProject section */

/* Begin PBXResourcesBuildPhase section */
		7D0BD6331B996131006D5C72 /* Resources */ = {
			isa = PBXResourcesBuildPhase;
			buildActionMask = 2147483647;
			files = (
			);
			runOnlyForDeploymentPostprocessing = 0;
		};
/* End PBXResourcesBuildPhase section */

/* Begin PBXShellScriptBuildPhase section */
		7D0BD6301B995EBD006D5C72 /* Link Locally */ = {
			isa = PBXShellScriptBuildPhase;
			buildActionMask = 2147483647;
			files = (
			);
			inputPaths = (
			);
			name = "Link Locally";
			outputPaths = (
			);
			runOnlyForDeploymentPostprocessing = 0;
			shellPath = /bin/sh;
			shellScript = "mkdir -p $SRCROOT/bin\ncd $SRCROOT/bin\nrm -f $TARGET_NAME\nln -s $TARGET_BUILD_DIR/$TARGET_NAME $TARGET_NAME\n";
		};
/* End PBXShellScriptBuildPhase section */

/* Begin PBXSourcesBuildPhase section */
		7D0BD6221B995E6F006D5C72 /* Sources */ = {
			isa = PBXSourcesBuildPhase;
			buildActionMask = 2147483647;
			files = (
				7D0BD63F1B998521006D5C72 /* scanner.swift in Sources */,
				7D0BD6421B998993006D5C72 /* lexer.swift in Sources */,
				7D0BD62A1B995E6F006D5C72 /* main.swift in Sources */,
			);
			runOnlyForDeploymentPostprocessing = 0;
		};
		7D0BD6311B996131006D5C72 /* Sources */ = {
			isa = PBXSourcesBuildPhase;
			buildActionMask = 2147483647;
			files = (
				7D0BD6401B998521006D5C72 /* scanner.swift in Sources */,
				7D0BD6431B998993006D5C72 /* lexer.swift in Sources */,
				7D0BD6381B996131006D5C72 /* BaselineTests.swift in Sources */,
			);
			runOnlyForDeploymentPostprocessing = 0;
		};
/* End PBXSourcesBuildPhase section */

/* Begin XCBuildConfiguration section */
		7D0BD62B1B995E6F006D5C72 /* Debug */ = {
			isa = XCBuildConfiguration;
			buildSettings = {
				ALWAYS_SEARCH_USER_PATHS = NO;
				CLANG_CXX_LANGUAGE_STANDARD = "gnu++0x";
				CLANG_CXX_LIBRARY = "libc++";
				CLANG_ENABLE_MODULES = YES;
				CLANG_ENABLE_OBJC_ARC = YES;
				CLANG_WARN_BOOL_CONVERSION = YES;
				CLANG_WARN_CONSTANT_CONVERSION = YES;
				CLANG_WARN_DIRECT_OBJC_ISA_USAGE = YES_ERROR;
				CLANG_WARN_EMPTY_BODY = YES;
				CLANG_WARN_ENUM_CONVERSION = YES;
				CLANG_WARN_INT_CONVERSION = YES;
				CLANG_WARN_OBJC_ROOT_CLASS = YES_ERROR;
				CLANG_WARN_UNREACHABLE_CODE = YES;
				CLANG_WARN__DUPLICATE_METHOD_MATCH = YES;
				COPY_PHASE_STRIP = NO;
				DEBUG_INFORMATION_FORMAT = dwarf;
				ENABLE_STRICT_OBJC_MSGSEND = YES;
				ENABLE_TESTABILITY = YES;
				GCC_C_LANGUAGE_STANDARD = gnu99;
				GCC_DYNAMIC_NO_PIC = NO;
				GCC_NO_COMMON_BLOCKS = YES;
				GCC_OPTIMIZATION_LEVEL = 0;
				GCC_PREPROCESSOR_DEFINITIONS = (
					"DEBUG=1",
					"$(inherited)",
				);
				GCC_WARN_64_TO_32_BIT_CONVERSION = YES;
				GCC_WARN_ABOUT_RETURN_TYPE = YES_ERROR;
				GCC_WARN_UNDECLARED_SELECTOR = YES;
				GCC_WARN_UNINITIALIZED_AUTOS = YES_AGGRESSIVE;
				GCC_WARN_UNUSED_FUNCTION = YES;
				GCC_WARN_UNUSED_VARIABLE = YES;
				MACOSX_DEPLOYMENT_TARGET = 10.11;
				MTL_ENABLE_DEBUG_INFO = YES;
				ONLY_ACTIVE_ARCH = YES;
				SDKROOT = macosx;
				SWIFT_OPTIMIZATION_LEVEL = "-Onone";
			};
			name = Debug;
		};
		7D0BD62C1B995E6F006D5C72 /* Release */ = {
			isa = XCBuildConfiguration;
			buildSettings = {
				ALWAYS_SEARCH_USER_PATHS = NO;
				CLANG_CXX_LANGUAGE_STANDARD = "gnu++0x";
				CLANG_CXX_LIBRARY = "libc++";
				CLANG_ENABLE_MODULES = YES;
				CLANG_ENABLE_OBJC_ARC = YES;
				CLANG_WARN_BOOL_CONVERSION = YES;
				CLANG_WARN_CONSTANT_CONVERSION = YES;
				CLANG_WARN_DIRECT_OBJC_ISA_USAGE = YES_ERROR;
				CLANG_WARN_EMPTY_BODY = YES;
				CLANG_WARN_ENUM_CONVERSION = YES;
				CLANG_WARN_INT_CONVERSION = YES;
				CLANG_WARN_OBJC_ROOT_CLASS = YES_ERROR;
				CLANG_WARN_UNREACHABLE_CODE = YES;
				CLANG_WARN__DUPLICATE_METHOD_MATCH = YES;
				COPY_PHASE_STRIP = NO;
				DEBUG_INFORMATION_FORMAT = "dwarf-with-dsym";
				ENABLE_NS_ASSERTIONS = NO;
				ENABLE_STRICT_OBJC_MSGSEND = YES;
				GCC_C_LANGUAGE_STANDARD = gnu99;
				GCC_NO_COMMON_BLOCKS = YES;
				GCC_WARN_64_TO_32_BIT_CONVERSION = YES;
				GCC_WARN_ABOUT_RETURN_TYPE = YES_ERROR;
				GCC_WARN_UNDECLARED_SELECTOR = YES;
				GCC_WARN_UNINITIALIZED_AUTOS = YES_AGGRESSIVE;
				GCC_WARN_UNUSED_FUNCTION = YES;
				GCC_WARN_UNUSED_VARIABLE = YES;
				MACOSX_DEPLOYMENT_TARGET = 10.11;
				MTL_ENABLE_DEBUG_INFO = NO;
				SDKROOT = macosx;
			};
			name = Release;
		};
		7D0BD62E1B995E6F006D5C72 /* Debug */ = {
			isa = XCBuildConfiguration;
			buildSettings = {
				PRODUCT_NAME = "$(TARGET_NAME)";
			};
			name = Debug;
		};
		7D0BD62F1B995E6F006D5C72 /* Release */ = {
			isa = XCBuildConfiguration;
			buildSettings = {
				PRODUCT_NAME = "$(TARGET_NAME)";
			};
			name = Release;
		};
		7D0BD63B1B996131006D5C72 /* Debug */ = {
			isa = XCBuildConfiguration;
			buildSettings = {
				COMBINE_HIDPI_IMAGES = YES;
				INFOPLIST_FILE = tests/lexer/Info.plist;
				LD_RUNPATH_SEARCH_PATHS = "$(inherited) @executable_path/../Frameworks @loader_path/../Frameworks";
				PRODUCT_BUNDLE_IDENTIFIER = io.owensd.proteus.tests.lexer;
				PRODUCT_NAME = "$(TARGET_NAME)";
			};
			name = Debug;
		};
		7D0BD63C1B996131006D5C72 /* Release */ = {
			isa = XCBuildConfiguration;
			buildSettings = {
				COMBINE_HIDPI_IMAGES = YES;
				INFOPLIST_FILE = tests/lexer/Info.plist;
				LD_RUNPATH_SEARCH_PATHS = "$(inherited) @executable_path/../Frameworks @loader_path/../Frameworks";
				PRODUCT_BUNDLE_IDENTIFIER = io.owensd.proteus.tests.lexer;
				PRODUCT_NAME = "$(TARGET_NAME)";
			};
			name = Release;
		};
/* End XCBuildConfiguration section */

/* Begin XCConfigurationList section */
		7D0BD6211B995E6F006D5C72 /* Build configuration list for PBXProject "Proteus" */ = {
			isa = XCConfigurationList;
			buildConfigurations = (
				7D0BD62B1B995E6F006D5C72 /* Debug */,
				7D0BD62C1B995E6F006D5C72 /* Release */,
			);
			defaultConfigurationIsVisible = 0;
			defaultConfigurationName = Release;
		};
		7D0BD62D1B995E6F006D5C72 /* Build configuration list for PBXNativeTarget "protc" */ = {
			isa = XCConfigurationList;
			buildConfigurations = (
				7D0BD62E1B995E6F006D5C72 /* Debug */,
				7D0BD62F1B995E6F006D5C72 /* Release */,
			);
			defaultConfigurationIsVisible = 0;
			defaultConfigurationName = Release;
		};
		7D0BD63A1B996131006D5C72 /* Build configuration list for PBXNativeTarget "lexer_tests" */ = {
			isa = XCConfigurationList;
			buildConfigurations = (
				7D0BD63B1B996131006D5C72 /* Debug */,
				7D0BD63C1B996131006D5C72 /* Release */,
			);
			defaultConfigurationIsVisible = 0;
		};
/* End XCConfigurationList section */
	};
	rootObject = 7D0BD61E1B995E6F006D5C72 /* Project object */;
}
